// !$*UTF8*$!
{
	archiveVersion = 1;
	classes = {
	};
	objectVersion = 50;
	objects = {

/* Begin PBXBuildFile section */
		610A831F238DF68A00DC1C02 /* BaseViewController.swift in Sources */ = {isa = PBXBuildFile; fileRef = 610A831C238DF68A00DC1C02 /* BaseViewController.swift */; };
		610A8320238DF68A00DC1C02 /* BaseEntity.swift in Sources */ = {isa = PBXBuildFile; fileRef = 610A831D238DF68A00DC1C02 /* BaseEntity.swift */; };
		610A8321238DF68A00DC1C02 /* Instantiable.swift in Sources */ = {isa = PBXBuildFile; fileRef = 610A831E238DF68A00DC1C02 /* Instantiable.swift */; };
		610A832A238DFD6900DC1C02 /* LaunchScreen.storyboard in Resources */ = {isa = PBXBuildFile; fileRef = 610A8329238DFD6900DC1C02 /* LaunchScreen.storyboard */; };
		610A8358238DFE1F00DC1C02 /* MovieVideoEntity.swift in Sources */ = {isa = PBXBuildFile; fileRef = 610A832E238DFE1F00DC1C02 /* MovieVideoEntity.swift */; };
		610A8359238DFE1F00DC1C02 /* MovieEntity.swift in Sources */ = {isa = PBXBuildFile; fileRef = 610A832F238DFE1F00DC1C02 /* MovieEntity.swift */; };
		610A835A238DFE1F00DC1C02 /* MovieCastEntity.swift in Sources */ = {isa = PBXBuildFile; fileRef = 610A8330238DFE1F00DC1C02 /* MovieCastEntity.swift */; };
		610A835B238DFE1F00DC1C02 /* MovieCrewEntity.swift in Sources */ = {isa = PBXBuildFile; fileRef = 610A8331238DFE1F00DC1C02 /* MovieCrewEntity.swift */; };
		610A835C238DFE1F00DC1C02 /* MovieCollectionViewCell.swift in Sources */ = {isa = PBXBuildFile; fileRef = 610A8334238DFE1F00DC1C02 /* MovieCollectionViewCell.swift */; };
		610A835D238DFE1F00DC1C02 /* MovieCollectionViewCell.xib in Resources */ = {isa = PBXBuildFile; fileRef = 610A8335238DFE1F00DC1C02 /* MovieCollectionViewCell.xib */; };
		610A835E238DFE1F00DC1C02 /* MoviesPresenter.swift in Sources */ = {isa = PBXBuildFile; fileRef = 610A8336238DFE1F00DC1C02 /* MoviesPresenter.swift */; };
		610A835F238DFE1F00DC1C02 /* MoviesProtocols.swift in Sources */ = {isa = PBXBuildFile; fileRef = 610A8337238DFE1F00DC1C02 /* MoviesProtocols.swift */; };
		610A8360238DFE1F00DC1C02 /* MoviesWireframe.swift in Sources */ = {isa = PBXBuildFile; fileRef = 610A8338238DFE1F00DC1C02 /* MoviesWireframe.swift */; };
		610A8361238DFE1F00DC1C02 /* MoviesInteractor.swift in Sources */ = {isa = PBXBuildFile; fileRef = 610A8339238DFE1F00DC1C02 /* MoviesInteractor.swift */; };
		610A8362238DFE1F00DC1C02 /* MoviesView.swift in Sources */ = {isa = PBXBuildFile; fileRef = 610A833A238DFE1F00DC1C02 /* MoviesView.swift */; };
		610A8363238DFE1F00DC1C02 /* MoviesView.xib in Resources */ = {isa = PBXBuildFile; fileRef = 610A833C238DFE1F00DC1C02 /* MoviesView.xib */; };
		610A8364238DFE1F00DC1C02 /* MoviesCategoryEntity.swift in Sources */ = {isa = PBXBuildFile; fileRef = 610A833E238DFE1F00DC1C02 /* MoviesCategoryEntity.swift */; };
		610A8365238DFE1F00DC1C02 /* MoviesRequests.swift in Sources */ = {isa = PBXBuildFile; fileRef = 610A8340238DFE1F00DC1C02 /* MoviesRequests.swift */; };
		610A8366238DFE1F00DC1C02 /* MoviesMessagesUtil.swift in Sources */ = {isa = PBXBuildFile; fileRef = 610A8341238DFE1F00DC1C02 /* MoviesMessagesUtil.swift */; };
		610A8367238DFE1F00DC1C02 /* MoviesAPIRoutes.swift in Sources */ = {isa = PBXBuildFile; fileRef = 610A8342238DFE1F00DC1C02 /* MoviesAPIRoutes.swift */; };
		610A8368238DFE1F00DC1C02 /* CastCrewCollectionViewCell.xib in Resources */ = {isa = PBXBuildFile; fileRef = 610A8345238DFE1F00DC1C02 /* CastCrewCollectionViewCell.xib */; };
		610A8369238DFE1F00DC1C02 /* CastCrewCollectionViewCell.swift in Sources */ = {isa = PBXBuildFile; fileRef = 610A8346238DFE1F00DC1C02 /* CastCrewCollectionViewCell.swift */; };
		610A836A238DFE1F00DC1C02 /* RecommendationCollectionViewCell.xib in Resources */ = {isa = PBXBuildFile; fileRef = 610A8347238DFE1F00DC1C02 /* RecommendationCollectionViewCell.xib */; };
		610A836B238DFE1F00DC1C02 /* RecommendationCollectionViewCell.swift in Sources */ = {isa = PBXBuildFile; fileRef = 610A8348238DFE1F00DC1C02 /* RecommendationCollectionViewCell.swift */; };
		610A836C238DFE1F00DC1C02 /* MovieDetailsInteractor.swift in Sources */ = {isa = PBXBuildFile; fileRef = 610A8349238DFE1F00DC1C02 /* MovieDetailsInteractor.swift */; };
		610A836D238DFE1F00DC1C02 /* MovieDetailsProtocols.swift in Sources */ = {isa = PBXBuildFile; fileRef = 610A834A238DFE1F00DC1C02 /* MovieDetailsProtocols.swift */; };
		610A836E238DFE1F00DC1C02 /* MovieDetailsPresenter.swift in Sources */ = {isa = PBXBuildFile; fileRef = 610A834B238DFE1F00DC1C02 /* MovieDetailsPresenter.swift */; };
		610A836F238DFE1F00DC1C02 /* MovieDetailsView.swift in Sources */ = {isa = PBXBuildFile; fileRef = 610A834C238DFE1F00DC1C02 /* MovieDetailsView.swift */; };
		610A8370238DFE1F00DC1C02 /* MovieDetailsWireframe.swift in Sources */ = {isa = PBXBuildFile; fileRef = 610A834D238DFE1F00DC1C02 /* MovieDetailsWireframe.swift */; };
		610A8371238DFE1F00DC1C02 /* MovieDetailsView.xib in Resources */ = {isa = PBXBuildFile; fileRef = 610A834F238DFE1F00DC1C02 /* MovieDetailsView.xib */; };
		610A8372238DFE1F00DC1C02 /* CastCrewView.xib in Resources */ = {isa = PBXBuildFile; fileRef = 610A8350238DFE1F00DC1C02 /* CastCrewView.xib */; };
		610A8373238DFE1F00DC1C02 /* RecommendationsView.swift in Sources */ = {isa = PBXBuildFile; fileRef = 610A8351238DFE1F00DC1C02 /* RecommendationsView.swift */; };
		610A8374238DFE1F00DC1C02 /* CastCrewView.swift in Sources */ = {isa = PBXBuildFile; fileRef = 610A8352238DFE1F00DC1C02 /* CastCrewView.swift */; };
		610A8375238DFE1F00DC1C02 /* RecommendationsView.xib in Resources */ = {isa = PBXBuildFile; fileRef = 610A8353238DFE1F00DC1C02 /* RecommendationsView.xib */; };
		610A8376238DFE1F00DC1C02 /* MovieDetailsMessagesUtil.swift in Sources */ = {isa = PBXBuildFile; fileRef = 610A8355238DFE1F00DC1C02 /* MovieDetailsMessagesUtil.swift */; };
		610A8377238DFE1F00DC1C02 /* MovieDetailsRequests.swift in Sources */ = {isa = PBXBuildFile; fileRef = 610A8356238DFE1F00DC1C02 /* MovieDetailsRequests.swift */; };
		610A8378238DFE1F00DC1C02 /* MovieDetailsAPIRoutes.swift in Sources */ = {isa = PBXBuildFile; fileRef = 610A8357238DFE1F00DC1C02 /* MovieDetailsAPIRoutes.swift */; };
		610A837C238DFEBA00DC1C02 /* NetworkProvider.swift in Sources */ = {isa = PBXBuildFile; fileRef = 610A8379238DFEBA00DC1C02 /* NetworkProvider.swift */; };
		610A837D238DFEBA00DC1C02 /* RequestError.swift in Sources */ = {isa = PBXBuildFile; fileRef = 610A837A238DFEBA00DC1C02 /* RequestError.swift */; };
		610A837E238DFEBA00DC1C02 /* APIRoutes.swift in Sources */ = {isa = PBXBuildFile; fileRef = 610A837B238DFEBA00DC1C02 /* APIRoutes.swift */; };
		610A8394238DFEFA00DC1C02 /* CircularImageView.swift in Sources */ = {isa = PBXBuildFile; fileRef = 610A8380238DFEFA00DC1C02 /* CircularImageView.swift */; };
		610A8395238DFEFA00DC1C02 /* Feedbackable.swift in Sources */ = {isa = PBXBuildFile; fileRef = 610A8381238DFEFA00DC1C02 /* Feedbackable.swift */; };
		610A8396238DFEFA00DC1C02 /* CardView.swift in Sources */ = {isa = PBXBuildFile; fileRef = 610A8382238DFEFA00DC1C02 /* CardView.swift */; };
		610A8397238DFEFA00DC1C02 /* CircularProgressView.swift in Sources */ = {isa = PBXBuildFile; fileRef = 610A8383238DFEFA00DC1C02 /* CircularProgressView.swift */; };
		610A8398238DFEFA00DC1C02 /* LoadingCollectionReusableView.swift in Sources */ = {isa = PBXBuildFile; fileRef = 610A8384238DFEFA00DC1C02 /* LoadingCollectionReusableView.swift */; };
		610A8399238DFEFA00DC1C02 /* UICollectionViewCellExtensions.swift in Sources */ = {isa = PBXBuildFile; fileRef = 610A8386238DFEFA00DC1C02 /* UICollectionViewCellExtensions.swift */; };
		610A839A238DFEFA00DC1C02 /* StringExtensions.swift in Sources */ = {isa = PBXBuildFile; fileRef = 610A8387238DFEFA00DC1C02 /* StringExtensions.swift */; };
		610A839B238DFEFA00DC1C02 /* DoubleExtensions.swift in Sources */ = {isa = PBXBuildFile; fileRef = 610A8388238DFEFA00DC1C02 /* DoubleExtensions.swift */; };
		610A839C238DFEFA00DC1C02 /* UICollectionReusableViewExtensions.swift in Sources */ = {isa = PBXBuildFile; fileRef = 610A8389238DFEFA00DC1C02 /* UICollectionReusableViewExtensions.swift */; };
		610A839D238DFEFA00DC1C02 /* UIViewExtensions.swift in Sources */ = {isa = PBXBuildFile; fileRef = 610A838A238DFEFA00DC1C02 /* UIViewExtensions.swift */; };
		610A839E238DFEFA00DC1C02 /* IntExtensions.swift in Sources */ = {isa = PBXBuildFile; fileRef = 610A838B238DFEFA00DC1C02 /* IntExtensions.swift */; };
		610A839F238DFEFA00DC1C02 /* DateExtensions.swift in Sources */ = {isa = PBXBuildFile; fileRef = 610A838C238DFEFA00DC1C02 /* DateExtensions.swift */; };
		610A83A0238DFEFA00DC1C02 /* UILabelExtensions.swift in Sources */ = {isa = PBXBuildFile; fileRef = 610A838D238DFEFA00DC1C02 /* UILabelExtensions.swift */; };
		610A83A1238DFEFA00DC1C02 /* UIImageViewExtensions.swift in Sources */ = {isa = PBXBuildFile; fileRef = 610A838E238DFEFA00DC1C02 /* UIImageViewExtensions.swift */; };
		610A83A2238DFEFA00DC1C02 /* UIAlertControllerExtensions.swift in Sources */ = {isa = PBXBuildFile; fileRef = 610A838F238DFEFA00DC1C02 /* UIAlertControllerExtensions.swift */; };
		610A83A3238DFEFA00DC1C02 /* UIColorExtensions.swift in Sources */ = {isa = PBXBuildFile; fileRef = 610A8390238DFEFA00DC1C02 /* UIColorExtensions.swift */; };
		610A83A4238DFEFA00DC1C02 /* MessagesUtil.swift in Sources */ = {isa = PBXBuildFile; fileRef = 610A8392238DFEFA00DC1C02 /* MessagesUtil.swift */; };
		610A83A5238DFEFA00DC1C02 /* Connectivity.swift in Sources */ = {isa = PBXBuildFile; fileRef = 610A8393238DFEFA00DC1C02 /* Connectivity.swift */; };
		610A83B8238E05E600DC1C02 /* MoviesViewSpec.swift in Sources */ = {isa = PBXBuildFile; fileRef = 610A83A9238E05E600DC1C02 /* MoviesViewSpec.swift */; };
		610A83B9238E05E600DC1C02 /* MoviesInteractorSpec.swift in Sources */ = {isa = PBXBuildFile; fileRef = 610A83AA238E05E600DC1C02 /* MoviesInteractorSpec.swift */; };
		610A83BA238E05E600DC1C02 /* MoviesWireframeSpec.swift in Sources */ = {isa = PBXBuildFile; fileRef = 610A83AB238E05E600DC1C02 /* MoviesWireframeSpec.swift */; };
		610A83BB238E05E600DC1C02 /* MoviesPresenterSpec.swift in Sources */ = {isa = PBXBuildFile; fileRef = 610A83AC238E05E600DC1C02 /* MoviesPresenterSpec.swift */; };
		610A83BC238E05E600DC1C02 /* MoviesMocks.swift in Sources */ = {isa = PBXBuildFile; fileRef = 610A83AE238E05E600DC1C02 /* MoviesMocks.swift */; };
		610A83BD238E05E600DC1C02 /* MovieDetailsWireframeSpec.swift in Sources */ = {isa = PBXBuildFile; fileRef = 610A83B0238E05E600DC1C02 /* MovieDetailsWireframeSpec.swift */; };
		610A83BE238E05E600DC1C02 /* MovieDetailsPresenterSpec.swift in Sources */ = {isa = PBXBuildFile; fileRef = 610A83B1238E05E600DC1C02 /* MovieDetailsPresenterSpec.swift */; };
		610A83BF238E05E600DC1C02 /* MovieDetailsInteractorSpec.swift in Sources */ = {isa = PBXBuildFile; fileRef = 610A83B2238E05E600DC1C02 /* MovieDetailsInteractorSpec.swift */; };
		610A83C0238E05E600DC1C02 /* MovieDetailsViewSpec.swift in Sources */ = {isa = PBXBuildFile; fileRef = 610A83B3238E05E600DC1C02 /* MovieDetailsViewSpec.swift */; };
		610A83C1238E05E600DC1C02 /* MovieDetailsEntitySpec.swift in Sources */ = {isa = PBXBuildFile; fileRef = 610A83B5238E05E600DC1C02 /* MovieDetailsEntitySpec.swift */; };
		610A83C2238E05E600DC1C02 /* MovieDetailsJSON.json in Resources */ = {isa = PBXBuildFile; fileRef = 610A83B6238E05E600DC1C02 /* MovieDetailsJSON.json */; };
		610A83C3238E05E600DC1C02 /* MovieDetailsMocks.swift in Sources */ = {isa = PBXBuildFile; fileRef = 610A83B7238E05E600DC1C02 /* MovieDetailsMocks.swift */; };
		610A83C4238E06A300DC1C02 /* MovieDetailsJSON.json in Resources */ = {isa = PBXBuildFile; fileRef = 610A83B6238E05E600DC1C02 /* MovieDetailsJSON.json */; };
		61424148238DDEA400C93DEC /* AppDelegate.swift in Sources */ = {isa = PBXBuildFile; fileRef = 61424147238DDEA400C93DEC /* AppDelegate.swift */; };
		61424151238DDEA500C93DEC /* Assets.xcassets in Resources */ = {isa = PBXBuildFile; fileRef = 61424150238DDEA500C93DEC /* Assets.xcassets */; };
		6177A2D82390B4790031A7D9 /* MoviesJSON.json in Resources */ = {isa = PBXBuildFile; fileRef = 6177A2D72390B4770031A7D9 /* MoviesJSON.json */; };
		6177A2D92390B47A0031A7D9 /* MoviesJSON.json in Resources */ = {isa = PBXBuildFile; fileRef = 6177A2D72390B4770031A7D9 /* MoviesJSON.json */; };
		A9EC0394C74059FFE4DB4BEC /* Pods_YouMovieTests.framework in Frameworks */ = {isa = PBXBuildFile; fileRef = FE55F2EB54BC3351342A6DDC /* Pods_YouMovieTests.framework */; };
		B4ED3D2502E8277E82ED4458 /* Pods_YouMovie.framework in Frameworks */ = {isa = PBXBuildFile; fileRef = 0E6C89EFF2E2A88DC44F6B38 /* Pods_YouMovie.framework */; };
/* End PBXBuildFile section */

/* Begin PBXContainerItemProxy section */
		6142415B238DDEA500C93DEC /* PBXContainerItemProxy */ = {
			isa = PBXContainerItemProxy;
			containerPortal = 6142413C238DDEA300C93DEC /* Project object */;
			proxyType = 1;
			remoteGlobalIDString = 61424143238DDEA400C93DEC;
			remoteInfo = YouMovie;
		};
/* End PBXContainerItemProxy section */

/* Begin PBXFileReference section */
		02A42539F52D0AC09F390690 /* Pods-YouMovieTests.release.xcconfig */ = {isa = PBXFileReference; includeInIndex = 1; lastKnownFileType = text.xcconfig; name = "Pods-YouMovieTests.release.xcconfig"; path = "Target Support Files/Pods-YouMovieTests/Pods-YouMovieTests.release.xcconfig"; sourceTree = "<group>"; };
		0E6C89EFF2E2A88DC44F6B38 /* Pods_YouMovie.framework */ = {isa = PBXFileReference; explicitFileType = wrapper.framework; includeInIndex = 0; path = Pods_YouMovie.framework; sourceTree = BUILT_PRODUCTS_DIR; };
		24973B8C3A3EDF34A94E9C1E /* Pods-YouMovie.debug.xcconfig */ = {isa = PBXFileReference; includeInIndex = 1; lastKnownFileType = text.xcconfig; name = "Pods-YouMovie.debug.xcconfig"; path = "Target Support Files/Pods-YouMovie/Pods-YouMovie.debug.xcconfig"; sourceTree = "<group>"; };
		610A831C238DF68A00DC1C02 /* BaseViewController.swift */ = {isa = PBXFileReference; fileEncoding = 4; lastKnownFileType = sourcecode.swift; path = BaseViewController.swift; sourceTree = "<group>"; };
		610A831D238DF68A00DC1C02 /* BaseEntity.swift */ = {isa = PBXFileReference; fileEncoding = 4; lastKnownFileType = sourcecode.swift; path = BaseEntity.swift; sourceTree = "<group>"; };
		610A831E238DF68A00DC1C02 /* Instantiable.swift */ = {isa = PBXFileReference; fileEncoding = 4; lastKnownFileType = sourcecode.swift; path = Instantiable.swift; sourceTree = "<group>"; };
		610A8329238DFD6900DC1C02 /* LaunchScreen.storyboard */ = {isa = PBXFileReference; lastKnownFileType = file.storyboard; path = LaunchScreen.storyboard; sourceTree = "<group>"; };
		610A832E238DFE1F00DC1C02 /* MovieVideoEntity.swift */ = {isa = PBXFileReference; fileEncoding = 4; lastKnownFileType = sourcecode.swift; path = MovieVideoEntity.swift; sourceTree = "<group>"; };
		610A832F238DFE1F00DC1C02 /* MovieEntity.swift */ = {isa = PBXFileReference; fileEncoding = 4; lastKnownFileType = sourcecode.swift; path = MovieEntity.swift; sourceTree = "<group>"; };
		610A8330238DFE1F00DC1C02 /* MovieCastEntity.swift */ = {isa = PBXFileReference; fileEncoding = 4; lastKnownFileType = sourcecode.swift; path = MovieCastEntity.swift; sourceTree = "<group>"; };
		610A8331238DFE1F00DC1C02 /* MovieCrewEntity.swift */ = {isa = PBXFileReference; fileEncoding = 4; lastKnownFileType = sourcecode.swift; path = MovieCrewEntity.swift; sourceTree = "<group>"; };
		610A8334238DFE1F00DC1C02 /* MovieCollectionViewCell.swift */ = {isa = PBXFileReference; fileEncoding = 4; lastKnownFileType = sourcecode.swift; path = MovieCollectionViewCell.swift; sourceTree = "<group>"; };
		610A8335238DFE1F00DC1C02 /* MovieCollectionViewCell.xib */ = {isa = PBXFileReference; fileEncoding = 4; lastKnownFileType = file.xib; path = MovieCollectionViewCell.xib; sourceTree = "<group>"; };
		610A8336238DFE1F00DC1C02 /* MoviesPresenter.swift */ = {isa = PBXFileReference; fileEncoding = 4; lastKnownFileType = sourcecode.swift; path = MoviesPresenter.swift; sourceTree = "<group>"; };
		610A8337238DFE1F00DC1C02 /* MoviesProtocols.swift */ = {isa = PBXFileReference; fileEncoding = 4; lastKnownFileType = sourcecode.swift; path = MoviesProtocols.swift; sourceTree = "<group>"; };
		610A8338238DFE1F00DC1C02 /* MoviesWireframe.swift */ = {isa = PBXFileReference; fileEncoding = 4; lastKnownFileType = sourcecode.swift; path = MoviesWireframe.swift; sourceTree = "<group>"; };
		610A8339238DFE1F00DC1C02 /* MoviesInteractor.swift */ = {isa = PBXFileReference; fileEncoding = 4; lastKnownFileType = sourcecode.swift; path = MoviesInteractor.swift; sourceTree = "<group>"; };
		610A833A238DFE1F00DC1C02 /* MoviesView.swift */ = {isa = PBXFileReference; fileEncoding = 4; lastKnownFileType = sourcecode.swift; path = MoviesView.swift; sourceTree = "<group>"; };
		610A833C238DFE1F00DC1C02 /* MoviesView.xib */ = {isa = PBXFileReference; fileEncoding = 4; lastKnownFileType = file.xib; path = MoviesView.xib; sourceTree = "<group>"; };
		610A833E238DFE1F00DC1C02 /* MoviesCategoryEntity.swift */ = {isa = PBXFileReference; fileEncoding = 4; lastKnownFileType = sourcecode.swift; path = MoviesCategoryEntity.swift; sourceTree = "<group>"; };
		610A8340238DFE1F00DC1C02 /* MoviesRequests.swift */ = {isa = PBXFileReference; fileEncoding = 4; lastKnownFileType = sourcecode.swift; path = MoviesRequests.swift; sourceTree = "<group>"; };
		610A8341238DFE1F00DC1C02 /* MoviesMessagesUtil.swift */ = {isa = PBXFileReference; fileEncoding = 4; lastKnownFileType = sourcecode.swift; path = MoviesMessagesUtil.swift; sourceTree = "<group>"; };
		610A8342238DFE1F00DC1C02 /* MoviesAPIRoutes.swift */ = {isa = PBXFileReference; fileEncoding = 4; lastKnownFileType = sourcecode.swift; path = MoviesAPIRoutes.swift; sourceTree = "<group>"; };
		610A8345238DFE1F00DC1C02 /* CastCrewCollectionViewCell.xib */ = {isa = PBXFileReference; fileEncoding = 4; lastKnownFileType = file.xib; path = CastCrewCollectionViewCell.xib; sourceTree = "<group>"; };
		610A8346238DFE1F00DC1C02 /* CastCrewCollectionViewCell.swift */ = {isa = PBXFileReference; fileEncoding = 4; lastKnownFileType = sourcecode.swift; path = CastCrewCollectionViewCell.swift; sourceTree = "<group>"; };
		610A8347238DFE1F00DC1C02 /* RecommendationCollectionViewCell.xib */ = {isa = PBXFileReference; fileEncoding = 4; lastKnownFileType = file.xib; path = RecommendationCollectionViewCell.xib; sourceTree = "<group>"; };
		610A8348238DFE1F00DC1C02 /* RecommendationCollectionViewCell.swift */ = {isa = PBXFileReference; fileEncoding = 4; lastKnownFileType = sourcecode.swift; path = RecommendationCollectionViewCell.swift; sourceTree = "<group>"; };
		610A8349238DFE1F00DC1C02 /* MovieDetailsInteractor.swift */ = {isa = PBXFileReference; fileEncoding = 4; lastKnownFileType = sourcecode.swift; path = MovieDetailsInteractor.swift; sourceTree = "<group>"; };
		610A834A238DFE1F00DC1C02 /* MovieDetailsProtocols.swift */ = {isa = PBXFileReference; fileEncoding = 4; lastKnownFileType = sourcecode.swift; path = MovieDetailsProtocols.swift; sourceTree = "<group>"; };
		610A834B238DFE1F00DC1C02 /* MovieDetailsPresenter.swift */ = {isa = PBXFileReference; fileEncoding = 4; lastKnownFileType = sourcecode.swift; path = MovieDetailsPresenter.swift; sourceTree = "<group>"; };
		610A834C238DFE1F00DC1C02 /* MovieDetailsView.swift */ = {isa = PBXFileReference; fileEncoding = 4; lastKnownFileType = sourcecode.swift; path = MovieDetailsView.swift; sourceTree = "<group>"; };
		610A834D238DFE1F00DC1C02 /* MovieDetailsWireframe.swift */ = {isa = PBXFileReference; fileEncoding = 4; lastKnownFileType = sourcecode.swift; path = MovieDetailsWireframe.swift; sourceTree = "<group>"; };
		610A834F238DFE1F00DC1C02 /* MovieDetailsView.xib */ = {isa = PBXFileReference; fileEncoding = 4; lastKnownFileType = file.xib; path = MovieDetailsView.xib; sourceTree = "<group>"; };
		610A8350238DFE1F00DC1C02 /* CastCrewView.xib */ = {isa = PBXFileReference; fileEncoding = 4; lastKnownFileType = file.xib; path = CastCrewView.xib; sourceTree = "<group>"; };
		610A8351238DFE1F00DC1C02 /* RecommendationsView.swift */ = {isa = PBXFileReference; fileEncoding = 4; lastKnownFileType = sourcecode.swift; path = RecommendationsView.swift; sourceTree = "<group>"; };
		610A8352238DFE1F00DC1C02 /* CastCrewView.swift */ = {isa = PBXFileReference; fileEncoding = 4; lastKnownFileType = sourcecode.swift; path = CastCrewView.swift; sourceTree = "<group>"; };
		610A8353238DFE1F00DC1C02 /* RecommendationsView.xib */ = {isa = PBXFileReference; fileEncoding = 4; lastKnownFileType = file.xib; path = RecommendationsView.xib; sourceTree = "<group>"; };
		610A8355238DFE1F00DC1C02 /* MovieDetailsMessagesUtil.swift */ = {isa = PBXFileReference; fileEncoding = 4; lastKnownFileType = sourcecode.swift; path = MovieDetailsMessagesUtil.swift; sourceTree = "<group>"; };
		610A8356238DFE1F00DC1C02 /* MovieDetailsRequests.swift */ = {isa = PBXFileReference; fileEncoding = 4; lastKnownFileType = sourcecode.swift; path = MovieDetailsRequests.swift; sourceTree = "<group>"; };
		610A8357238DFE1F00DC1C02 /* MovieDetailsAPIRoutes.swift */ = {isa = PBXFileReference; fileEncoding = 4; lastKnownFileType = sourcecode.swift; path = MovieDetailsAPIRoutes.swift; sourceTree = "<group>"; };
		610A8379238DFEBA00DC1C02 /* NetworkProvider.swift */ = {isa = PBXFileReference; fileEncoding = 4; lastKnownFileType = sourcecode.swift; path = NetworkProvider.swift; sourceTree = "<group>"; };
		610A837A238DFEBA00DC1C02 /* RequestError.swift */ = {isa = PBXFileReference; fileEncoding = 4; lastKnownFileType = sourcecode.swift; path = RequestError.swift; sourceTree = "<group>"; };
		610A837B238DFEBA00DC1C02 /* APIRoutes.swift */ = {isa = PBXFileReference; fileEncoding = 4; lastKnownFileType = sourcecode.swift; path = APIRoutes.swift; sourceTree = "<group>"; };
		610A8380238DFEFA00DC1C02 /* CircularImageView.swift */ = {isa = PBXFileReference; fileEncoding = 4; lastKnownFileType = sourcecode.swift; path = CircularImageView.swift; sourceTree = "<group>"; };
		610A8381238DFEFA00DC1C02 /* Feedbackable.swift */ = {isa = PBXFileReference; fileEncoding = 4; lastKnownFileType = sourcecode.swift; path = Feedbackable.swift; sourceTree = "<group>"; };
		610A8382238DFEFA00DC1C02 /* CardView.swift */ = {isa = PBXFileReference; fileEncoding = 4; lastKnownFileType = sourcecode.swift; path = CardView.swift; sourceTree = "<group>"; };
		610A8383238DFEFA00DC1C02 /* CircularProgressView.swift */ = {isa = PBXFileReference; fileEncoding = 4; lastKnownFileType = sourcecode.swift; path = CircularProgressView.swift; sourceTree = "<group>"; };
		610A8384238DFEFA00DC1C02 /* LoadingCollectionReusableView.swift */ = {isa = PBXFileReference; fileEncoding = 4; lastKnownFileType = sourcecode.swift; path = LoadingCollectionReusableView.swift; sourceTree = "<group>"; };
		610A8386238DFEFA00DC1C02 /* UICollectionViewCellExtensions.swift */ = {isa = PBXFileReference; fileEncoding = 4; lastKnownFileType = sourcecode.swift; path = UICollectionViewCellExtensions.swift; sourceTree = "<group>"; };
		610A8387238DFEFA00DC1C02 /* StringExtensions.swift */ = {isa = PBXFileReference; fileEncoding = 4; lastKnownFileType = sourcecode.swift; path = StringExtensions.swift; sourceTree = "<group>"; };
		610A8388238DFEFA00DC1C02 /* DoubleExtensions.swift */ = {isa = PBXFileReference; fileEncoding = 4; lastKnownFileType = sourcecode.swift; path = DoubleExtensions.swift; sourceTree = "<group>"; };
		610A8389238DFEFA00DC1C02 /* UICollectionReusableViewExtensions.swift */ = {isa = PBXFileReference; fileEncoding = 4; lastKnownFileType = sourcecode.swift; path = UICollectionReusableViewExtensions.swift; sourceTree = "<group>"; };
		610A838A238DFEFA00DC1C02 /* UIViewExtensions.swift */ = {isa = PBXFileReference; fileEncoding = 4; lastKnownFileType = sourcecode.swift; path = UIViewExtensions.swift; sourceTree = "<group>"; };
		610A838B238DFEFA00DC1C02 /* IntExtensions.swift */ = {isa = PBXFileReference; fileEncoding = 4; lastKnownFileType = sourcecode.swift; path = IntExtensions.swift; sourceTree = "<group>"; };
		610A838C238DFEFA00DC1C02 /* DateExtensions.swift */ = {isa = PBXFileReference; fileEncoding = 4; lastKnownFileType = sourcecode.swift; path = DateExtensions.swift; sourceTree = "<group>"; };
		610A838D238DFEFA00DC1C02 /* UILabelExtensions.swift */ = {isa = PBXFileReference; fileEncoding = 4; lastKnownFileType = sourcecode.swift; path = UILabelExtensions.swift; sourceTree = "<group>"; };
		610A838E238DFEFA00DC1C02 /* UIImageViewExtensions.swift */ = {isa = PBXFileReference; fileEncoding = 4; lastKnownFileType = sourcecode.swift; path = UIImageViewExtensions.swift; sourceTree = "<group>"; };
		610A838F238DFEFA00DC1C02 /* UIAlertControllerExtensions.swift */ = {isa = PBXFileReference; fileEncoding = 4; lastKnownFileType = sourcecode.swift; path = UIAlertControllerExtensions.swift; sourceTree = "<group>"; };
		610A8390238DFEFA00DC1C02 /* UIColorExtensions.swift */ = {isa = PBXFileReference; fileEncoding = 4; lastKnownFileType = sourcecode.swift; path = UIColorExtensions.swift; sourceTree = "<group>"; };
		610A8392238DFEFA00DC1C02 /* MessagesUtil.swift */ = {isa = PBXFileReference; fileEncoding = 4; lastKnownFileType = sourcecode.swift; path = MessagesUtil.swift; sourceTree = "<group>"; };
		610A8393238DFEFA00DC1C02 /* Connectivity.swift */ = {isa = PBXFileReference; fileEncoding = 4; lastKnownFileType = sourcecode.swift; path = Connectivity.swift; sourceTree = "<group>"; };
		610A83A9238E05E600DC1C02 /* MoviesViewSpec.swift */ = {isa = PBXFileReference; fileEncoding = 4; lastKnownFileType = sourcecode.swift; path = MoviesViewSpec.swift; sourceTree = "<group>"; };
		610A83AA238E05E600DC1C02 /* MoviesInteractorSpec.swift */ = {isa = PBXFileReference; fileEncoding = 4; lastKnownFileType = sourcecode.swift; path = MoviesInteractorSpec.swift; sourceTree = "<group>"; };
		610A83AB238E05E600DC1C02 /* MoviesWireframeSpec.swift */ = {isa = PBXFileReference; fileEncoding = 4; lastKnownFileType = sourcecode.swift; path = MoviesWireframeSpec.swift; sourceTree = "<group>"; };
		610A83AC238E05E600DC1C02 /* MoviesPresenterSpec.swift */ = {isa = PBXFileReference; fileEncoding = 4; lastKnownFileType = sourcecode.swift; path = MoviesPresenterSpec.swift; sourceTree = "<group>"; };
		610A83AE238E05E600DC1C02 /* MoviesMocks.swift */ = {isa = PBXFileReference; fileEncoding = 4; lastKnownFileType = sourcecode.swift; path = MoviesMocks.swift; sourceTree = "<group>"; };
		610A83B0238E05E600DC1C02 /* MovieDetailsWireframeSpec.swift */ = {isa = PBXFileReference; fileEncoding = 4; lastKnownFileType = sourcecode.swift; path = MovieDetailsWireframeSpec.swift; sourceTree = "<group>"; };
		610A83B1238E05E600DC1C02 /* MovieDetailsPresenterSpec.swift */ = {isa = PBXFileReference; fileEncoding = 4; lastKnownFileType = sourcecode.swift; path = MovieDetailsPresenterSpec.swift; sourceTree = "<group>"; };
		610A83B2238E05E600DC1C02 /* MovieDetailsInteractorSpec.swift */ = {isa = PBXFileReference; fileEncoding = 4; lastKnownFileType = sourcecode.swift; path = MovieDetailsInteractorSpec.swift; sourceTree = "<group>"; };
		610A83B3238E05E600DC1C02 /* MovieDetailsViewSpec.swift */ = {isa = PBXFileReference; fileEncoding = 4; lastKnownFileType = sourcecode.swift; path = MovieDetailsViewSpec.swift; sourceTree = "<group>"; };
		610A83B5238E05E600DC1C02 /* MovieDetailsEntitySpec.swift */ = {isa = PBXFileReference; fileEncoding = 4; lastKnownFileType = sourcecode.swift; path = MovieDetailsEntitySpec.swift; sourceTree = "<group>"; };
		610A83B6238E05E600DC1C02 /* MovieDetailsJSON.json */ = {isa = PBXFileReference; fileEncoding = 4; lastKnownFileType = text.json; path = MovieDetailsJSON.json; sourceTree = "<group>"; };
		610A83B7238E05E600DC1C02 /* MovieDetailsMocks.swift */ = {isa = PBXFileReference; fileEncoding = 4; lastKnownFileType = sourcecode.swift; path = MovieDetailsMocks.swift; sourceTree = "<group>"; };
		61424144238DDEA400C93DEC /* YouMovie.app */ = {isa = PBXFileReference; explicitFileType = wrapper.application; includeInIndex = 0; path = YouMovie.app; sourceTree = BUILT_PRODUCTS_DIR; };
		61424147238DDEA400C93DEC /* AppDelegate.swift */ = {isa = PBXFileReference; lastKnownFileType = sourcecode.swift; path = AppDelegate.swift; sourceTree = "<group>"; };
		61424150238DDEA500C93DEC /* Assets.xcassets */ = {isa = PBXFileReference; lastKnownFileType = folder.assetcatalog; path = Assets.xcassets; sourceTree = "<group>"; };
		61424155238DDEA500C93DEC /* Info.plist */ = {isa = PBXFileReference; lastKnownFileType = text.plist.xml; path = Info.plist; sourceTree = "<group>"; };
		6142415A238DDEA500C93DEC /* YouMovieTests.xctest */ = {isa = PBXFileReference; explicitFileType = wrapper.cfbundle; includeInIndex = 0; path = YouMovieTests.xctest; sourceTree = BUILT_PRODUCTS_DIR; };
		61424160238DDEA500C93DEC /* Info.plist */ = {isa = PBXFileReference; lastKnownFileType = text.plist.xml; path = Info.plist; sourceTree = "<group>"; };
		6177A2D72390B4770031A7D9 /* MoviesJSON.json */ = {isa = PBXFileReference; lastKnownFileType = text.json; path = MoviesJSON.json; sourceTree = "<group>"; };
		BF88926D88F7D1CD4ECB1003 /* Pods-YouMovie.release.xcconfig */ = {isa = PBXFileReference; includeInIndex = 1; lastKnownFileType = text.xcconfig; name = "Pods-YouMovie.release.xcconfig"; path = "Target Support Files/Pods-YouMovie/Pods-YouMovie.release.xcconfig"; sourceTree = "<group>"; };
		E5636673FFC9AE682D8F94F3 /* Pods-YouMovieTests.debug.xcconfig */ = {isa = PBXFileReference; includeInIndex = 1; lastKnownFileType = text.xcconfig; name = "Pods-YouMovieTests.debug.xcconfig"; path = "Target Support Files/Pods-YouMovieTests/Pods-YouMovieTests.debug.xcconfig"; sourceTree = "<group>"; };
		FE55F2EB54BC3351342A6DDC /* Pods_YouMovieTests.framework */ = {isa = PBXFileReference; explicitFileType = wrapper.framework; includeInIndex = 0; path = Pods_YouMovieTests.framework; sourceTree = BUILT_PRODUCTS_DIR; };
/* End PBXFileReference section */

/* Begin PBXFrameworksBuildPhase section */
		61424141238DDEA400C93DEC /* Frameworks */ = {
			isa = PBXFrameworksBuildPhase;
			buildActionMask = 2147483647;
			files = (
				B4ED3D2502E8277E82ED4458 /* Pods_YouMovie.framework in Frameworks */,
			);
			runOnlyForDeploymentPostprocessing = 0;
		};
		61424157238DDEA500C93DEC /* Frameworks */ = {
			isa = PBXFrameworksBuildPhase;
			buildActionMask = 2147483647;
			files = (
				A9EC0394C74059FFE4DB4BEC /* Pods_YouMovieTests.framework in Frameworks */,
			);
			runOnlyForDeploymentPostprocessing = 0;
		};
/* End PBXFrameworksBuildPhase section */

/* Begin PBXGroup section */
		1FE079CF2BDF03D42E221A12 /* Frameworks */ = {
			isa = PBXGroup;
			children = (
				0E6C89EFF2E2A88DC44F6B38 /* Pods_YouMovie.framework */,
				FE55F2EB54BC3351342A6DDC /* Pods_YouMovieTests.framework */,
			);
			name = Frameworks;
			sourceTree = "<group>";
		};
		2AF46DA31417461FEF17B68A /* Pods */ = {
			isa = PBXGroup;
			children = (
				24973B8C3A3EDF34A94E9C1E /* Pods-YouMovie.debug.xcconfig */,
				BF88926D88F7D1CD4ECB1003 /* Pods-YouMovie.release.xcconfig */,
				E5636673FFC9AE682D8F94F3 /* Pods-YouMovieTests.debug.xcconfig */,
				02A42539F52D0AC09F390690 /* Pods-YouMovieTests.release.xcconfig */,
			);
			name = Pods;
			path = Pods;
			sourceTree = "<group>";
		};
		610A831B238DF68A00DC1C02 /* Commons */ = {
			isa = PBXGroup;
			children = (
				610A831C238DF68A00DC1C02 /* BaseViewController.swift */,
				610A831D238DF68A00DC1C02 /* BaseEntity.swift */,
				610A831E238DF68A00DC1C02 /* Instantiable.swift */,
			);
			path = Commons;
			sourceTree = "<group>";
		};
		610A832B238DFE1F00DC1C02 /* Movies */ = {
			isa = PBXGroup;
			children = (
				610A8332238DFE1F00DC1C02 /* Movies */,
				610A8343238DFE1F00DC1C02 /* MovieDetails */,
				610A832C238DFE1F00DC1C02 /* ModuleResources */,
			);
			path = Movies;
			sourceTree = "<group>";
		};
		610A832C238DFE1F00DC1C02 /* ModuleResources */ = {
			isa = PBXGroup;
			children = (
				610A832D238DFE1F00DC1C02 /* Entities */,
			);
			path = ModuleResources;
			sourceTree = "<group>";
		};
		610A832D238DFE1F00DC1C02 /* Entities */ = {
			isa = PBXGroup;
			children = (
				610A832F238DFE1F00DC1C02 /* MovieEntity.swift */,
				610A832E238DFE1F00DC1C02 /* MovieVideoEntity.swift */,
				610A8330238DFE1F00DC1C02 /* MovieCastEntity.swift */,
				610A8331238DFE1F00DC1C02 /* MovieCrewEntity.swift */,
			);
			path = Entities;
			sourceTree = "<group>";
		};
		610A8332238DFE1F00DC1C02 /* Movies */ = {
			isa = PBXGroup;
			children = (
				610A8337238DFE1F00DC1C02 /* MoviesProtocols.swift */,
				610A8338238DFE1F00DC1C02 /* MoviesWireframe.swift */,
				610A833A238DFE1F00DC1C02 /* MoviesView.swift */,
				610A8336238DFE1F00DC1C02 /* MoviesPresenter.swift */,
				610A8339238DFE1F00DC1C02 /* MoviesInteractor.swift */,
				610A833B238DFE1F00DC1C02 /* Views */,
				610A8333238DFE1F00DC1C02 /* Cells */,
				610A833D238DFE1F00DC1C02 /* Entities */,
				610A833F238DFE1F00DC1C02 /* Extras */,
			);
			path = Movies;
			sourceTree = "<group>";
		};
		610A8333238DFE1F00DC1C02 /* Cells */ = {
			isa = PBXGroup;
			children = (
				610A8335238DFE1F00DC1C02 /* MovieCollectionViewCell.xib */,
				610A8334238DFE1F00DC1C02 /* MovieCollectionViewCell.swift */,
			);
			path = Cells;
			sourceTree = "<group>";
		};
		610A833B238DFE1F00DC1C02 /* Views */ = {
			isa = PBXGroup;
			children = (
				610A833C238DFE1F00DC1C02 /* MoviesView.xib */,
			);
			path = Views;
			sourceTree = "<group>";
		};
		610A833D238DFE1F00DC1C02 /* Entities */ = {
			isa = PBXGroup;
			children = (
				610A833E238DFE1F00DC1C02 /* MoviesCategoryEntity.swift */,
			);
			path = Entities;
			sourceTree = "<group>";
		};
		610A833F238DFE1F00DC1C02 /* Extras */ = {
			isa = PBXGroup;
			children = (
				610A8340238DFE1F00DC1C02 /* MoviesRequests.swift */,
				610A8341238DFE1F00DC1C02 /* MoviesMessagesUtil.swift */,
				610A8342238DFE1F00DC1C02 /* MoviesAPIRoutes.swift */,
			);
			path = Extras;
			sourceTree = "<group>";
		};
		610A8343238DFE1F00DC1C02 /* MovieDetails */ = {
			isa = PBXGroup;
			children = (
				610A834A238DFE1F00DC1C02 /* MovieDetailsProtocols.swift */,
				610A834D238DFE1F00DC1C02 /* MovieDetailsWireframe.swift */,
				610A834C238DFE1F00DC1C02 /* MovieDetailsView.swift */,
				610A834B238DFE1F00DC1C02 /* MovieDetailsPresenter.swift */,
				610A8349238DFE1F00DC1C02 /* MovieDetailsInteractor.swift */,
				610A834E238DFE1F00DC1C02 /* Views */,
				610A8344238DFE1F00DC1C02 /* Cells */,
				610A8354238DFE1F00DC1C02 /* Extras */,
			);
			path = MovieDetails;
			sourceTree = "<group>";
		};
		610A8344238DFE1F00DC1C02 /* Cells */ = {
			isa = PBXGroup;
			children = (
				610A8345238DFE1F00DC1C02 /* CastCrewCollectionViewCell.xib */,
				610A8346238DFE1F00DC1C02 /* CastCrewCollectionViewCell.swift */,
				610A8347238DFE1F00DC1C02 /* RecommendationCollectionViewCell.xib */,
				610A8348238DFE1F00DC1C02 /* RecommendationCollectionViewCell.swift */,
			);
			path = Cells;
			sourceTree = "<group>";
		};
		610A834E238DFE1F00DC1C02 /* Views */ = {
			isa = PBXGroup;
			children = (
				610A834F238DFE1F00DC1C02 /* MovieDetailsView.xib */,
				610A8350238DFE1F00DC1C02 /* CastCrewView.xib */,
				610A8352238DFE1F00DC1C02 /* CastCrewView.swift */,
				610A8353238DFE1F00DC1C02 /* RecommendationsView.xib */,
				610A8351238DFE1F00DC1C02 /* RecommendationsView.swift */,
			);
			path = Views;
			sourceTree = "<group>";
		};
		610A8354238DFE1F00DC1C02 /* Extras */ = {
			isa = PBXGroup;
			children = (
				610A8355238DFE1F00DC1C02 /* MovieDetailsMessagesUtil.swift */,
				610A8356238DFE1F00DC1C02 /* MovieDetailsRequests.swift */,
				610A8357238DFE1F00DC1C02 /* MovieDetailsAPIRoutes.swift */,
			);
			path = Extras;
			sourceTree = "<group>";
		};
		610A837F238DFEFA00DC1C02 /* Components */ = {
			isa = PBXGroup;
			children = (
				610A8380238DFEFA00DC1C02 /* CircularImageView.swift */,
				610A8381238DFEFA00DC1C02 /* Feedbackable.swift */,
				610A8382238DFEFA00DC1C02 /* CardView.swift */,
				610A8383238DFEFA00DC1C02 /* CircularProgressView.swift */,
				610A8384238DFEFA00DC1C02 /* LoadingCollectionReusableView.swift */,
			);
			path = Components;
			sourceTree = "<group>";
		};
		610A8385238DFEFA00DC1C02 /* Extensions */ = {
			isa = PBXGroup;
			children = (
				610A8386238DFEFA00DC1C02 /* UICollectionViewCellExtensions.swift */,
				610A8387238DFEFA00DC1C02 /* StringExtensions.swift */,
				610A8388238DFEFA00DC1C02 /* DoubleExtensions.swift */,
				610A8389238DFEFA00DC1C02 /* UICollectionReusableViewExtensions.swift */,
				610A838A238DFEFA00DC1C02 /* UIViewExtensions.swift */,
				610A838B238DFEFA00DC1C02 /* IntExtensions.swift */,
				610A838C238DFEFA00DC1C02 /* DateExtensions.swift */,
				610A838D238DFEFA00DC1C02 /* UILabelExtensions.swift */,
				610A838E238DFEFA00DC1C02 /* UIImageViewExtensions.swift */,
				610A838F238DFEFA00DC1C02 /* UIAlertControllerExtensions.swift */,
				610A8390238DFEFA00DC1C02 /* UIColorExtensions.swift */,
			);
			path = Extensions;
			sourceTree = "<group>";
		};
		610A8391238DFEFA00DC1C02 /* Utils */ = {
			isa = PBXGroup;
			children = (
				610A8392238DFEFA00DC1C02 /* MessagesUtil.swift */,
				610A8393238DFEFA00DC1C02 /* Connectivity.swift */,
			);
			path = Utils;
			sourceTree = "<group>";
		};
		610A83A6238E05E600DC1C02 /* Modules */ = {
			isa = PBXGroup;
			children = (
				610A83A7238E05E600DC1C02 /* Movies */,
			);
			path = Modules;
			sourceTree = "<group>";
		};
		610A83A7238E05E600DC1C02 /* Movies */ = {
			isa = PBXGroup;
			children = (
				610A83A8238E05E600DC1C02 /* Movies */,
				610A83AF238E05E600DC1C02 /* MovieDetails */,
			);
			path = Movies;
			sourceTree = "<group>";
		};
		610A83A8238E05E600DC1C02 /* Movies */ = {
			isa = PBXGroup;
			children = (
				610A83AB238E05E600DC1C02 /* MoviesWireframeSpec.swift */,
				610A83A9238E05E600DC1C02 /* MoviesViewSpec.swift */,
				610A83AC238E05E600DC1C02 /* MoviesPresenterSpec.swift */,
				610A83AA238E05E600DC1C02 /* MoviesInteractorSpec.swift */,
				610A83AD238E05E600DC1C02 /* Extras */,
			);
			path = Movies;
			sourceTree = "<group>";
		};
		610A83AD238E05E600DC1C02 /* Extras */ = {
			isa = PBXGroup;
			children = (
				610A83AE238E05E600DC1C02 /* MoviesMocks.swift */,
				6177A2D72390B4770031A7D9 /* MoviesJSON.json */,
			);
			path = Extras;
			sourceTree = "<group>";
		};
		610A83AF238E05E600DC1C02 /* MovieDetails */ = {
			isa = PBXGroup;
			children = (
				610A83B0238E05E600DC1C02 /* MovieDetailsWireframeSpec.swift */,
				610A83B3238E05E600DC1C02 /* MovieDetailsViewSpec.swift */,
				610A83B1238E05E600DC1C02 /* MovieDetailsPresenterSpec.swift */,
				610A83B2238E05E600DC1C02 /* MovieDetailsInteractorSpec.swift */,
				610A83B4238E05E600DC1C02 /* Extras */,
			);
			path = MovieDetails;
			sourceTree = "<group>";
		};
		610A83B4238E05E600DC1C02 /* Extras */ = {
			isa = PBXGroup;
			children = (
				610A83B5238E05E600DC1C02 /* MovieDetailsEntitySpec.swift */,
				610A83B7238E05E600DC1C02 /* MovieDetailsMocks.swift */,
				610A83B6238E05E600DC1C02 /* MovieDetailsJSON.json */,
			);
			path = Extras;
			sourceTree = "<group>";
		};
		61399706238DE6D500E61E79 /* Resources */ = {
			isa = PBXGroup;
			children = (
				610A8329238DFD6900DC1C02 /* LaunchScreen.storyboard */,
				61424150238DDEA500C93DEC /* Assets.xcassets */,
				61399708238DE6E300E61E79 /* Supporting Files */,
			);
			path = Resources;
			sourceTree = "<group>";
		};
		61399707238DE6DA00E61E79 /* Sources */ = {
			isa = PBXGroup;
			children = (
				61DCD139238DE747006C7F13 /* Shared */,
				61DCD13B238DE752006C7F13 /* Network */,
				61DCD13A238DE74A006C7F13 /* Modules */,
			);
			path = Sources;
			sourceTree = "<group>";
		};
		61399708238DE6E300E61E79 /* Supporting Files */ = {
			isa = PBXGroup;
			children = (
				61424155238DDEA500C93DEC /* Info.plist */,
			);
			path = "Supporting Files";
			sourceTree = "<group>";
		};
		6142413B238DDEA300C93DEC = {
			isa = PBXGroup;
			children = (
				61424146238DDEA400C93DEC /* YouMovie */,
				6142415D238DDEA500C93DEC /* YouMovieTests */,
				61424145238DDEA400C93DEC /* Products */,
				2AF46DA31417461FEF17B68A /* Pods */,
				1FE079CF2BDF03D42E221A12 /* Frameworks */,
			);
			sourceTree = "<group>";
		};
		61424145238DDEA400C93DEC /* Products */ = {
			isa = PBXGroup;
			children = (
				61424144238DDEA400C93DEC /* YouMovie.app */,
				6142415A238DDEA500C93DEC /* YouMovieTests.xctest */,
			);
			name = Products;
			sourceTree = "<group>";
		};
		61424146238DDEA400C93DEC /* YouMovie */ = {
			isa = PBXGroup;
			children = (
				61399706238DE6D500E61E79 /* Resources */,
				61399707238DE6DA00E61E79 /* Sources */,
			);
			path = YouMovie;
			sourceTree = "<group>";
		};
		6142415D238DDEA500C93DEC /* YouMovieTests */ = {
			isa = PBXGroup;
			children = (
				61424160238DDEA500C93DEC /* Info.plist */,
				610A83A6238E05E600DC1C02 /* Modules */,
			);
			path = YouMovieTests;
			sourceTree = "<group>";
		};
		61DCD139238DE747006C7F13 /* Shared */ = {
			isa = PBXGroup;
			children = (
				610A831B238DF68A00DC1C02 /* Commons */,
				610A837F238DFEFA00DC1C02 /* Components */,
				610A8385238DFEFA00DC1C02 /* Extensions */,
				610A8391238DFEFA00DC1C02 /* Utils */,
			);
			path = Shared;
			sourceTree = "<group>";
		};
		61DCD13A238DE74A006C7F13 /* Modules */ = {
			isa = PBXGroup;
			children = (
				61424147238DDEA400C93DEC /* AppDelegate.swift */,
				610A832B238DFE1F00DC1C02 /* Movies */,
			);
			path = Modules;
			sourceTree = "<group>";
		};
		61DCD13B238DE752006C7F13 /* Network */ = {
			isa = PBXGroup;
			children = (
				610A837B238DFEBA00DC1C02 /* APIRoutes.swift */,
				610A8379238DFEBA00DC1C02 /* NetworkProvider.swift */,
				610A837A238DFEBA00DC1C02 /* RequestError.swift */,
			);
			path = Network;
			sourceTree = "<group>";
		};
/* End PBXGroup section */

/* Begin PBXNativeTarget section */
		61424143238DDEA400C93DEC /* YouMovie */ = {
			isa = PBXNativeTarget;
			buildConfigurationList = 61424163238DDEA500C93DEC /* Build configuration list for PBXNativeTarget "YouMovie" */;
			buildPhases = (
				47FA0AB4C2E4F26DFED275CB /* [CP] Check Pods Manifest.lock */,
				61424140238DDEA400C93DEC /* Sources */,
				61424141238DDEA400C93DEC /* Frameworks */,
				61424142238DDEA400C93DEC /* Resources */,
				6156BDEB23904113001C6616 /* SwiftLint */,
				489E286009CB22BBF64E1D96 /* [CP] Embed Pods Frameworks */,
			);
			buildRules = (
			);
			dependencies = (
			);
			name = YouMovie;
			productName = YouMovie;
			productReference = 61424144238DDEA400C93DEC /* YouMovie.app */;
			productType = "com.apple.product-type.application";
		};
		61424159238DDEA500C93DEC /* YouMovieTests */ = {
			isa = PBXNativeTarget;
			buildConfigurationList = 61424166238DDEA500C93DEC /* Build configuration list for PBXNativeTarget "YouMovieTests" */;
			buildPhases = (
				E2B18E40BCC563A933E224FC /* [CP] Check Pods Manifest.lock */,
				61424156238DDEA500C93DEC /* Sources */,
				61424157238DDEA500C93DEC /* Frameworks */,
				61424158238DDEA500C93DEC /* Resources */,
				BEF2D538408D89009B742D1B /* [CP] Embed Pods Frameworks */,
			);
			buildRules = (
			);
			dependencies = (
				6142415C238DDEA500C93DEC /* PBXTargetDependency */,
			);
			name = YouMovieTests;
			productName = YouMovieTests;
			productReference = 6142415A238DDEA500C93DEC /* YouMovieTests.xctest */;
			productType = "com.apple.product-type.bundle.unit-test";
		};
/* End PBXNativeTarget section */

/* Begin PBXProject section */
		6142413C238DDEA300C93DEC /* Project object */ = {
			isa = PBXProject;
			attributes = {
				LastSwiftUpdateCheck = 1120;
				LastUpgradeCheck = 1120;
				ORGANIZATIONNAME = "Michael Douglas";
				TargetAttributes = {
					61424143238DDEA400C93DEC = {
						CreatedOnToolsVersion = 11.2.1;
					};
					61424159238DDEA500C93DEC = {
						CreatedOnToolsVersion = 11.2.1;
						TestTargetID = 61424143238DDEA400C93DEC;
					};
				};
			};
			buildConfigurationList = 6142413F238DDEA300C93DEC /* Build configuration list for PBXProject "YouMovie" */;
			compatibilityVersion = "Xcode 9.3";
			developmentRegion = en;
			hasScannedForEncodings = 0;
			knownRegions = (
				en,
				Base,
			);
			mainGroup = 6142413B238DDEA300C93DEC;
			productRefGroup = 61424145238DDEA400C93DEC /* Products */;
			projectDirPath = "";
			projectRoot = "";
			targets = (
				61424143238DDEA400C93DEC /* YouMovie */,
				61424159238DDEA500C93DEC /* YouMovieTests */,
			);
		};
/* End PBXProject section */

/* Begin PBXResourcesBuildPhase section */
		61424142238DDEA400C93DEC /* Resources */ = {
			isa = PBXResourcesBuildPhase;
			buildActionMask = 2147483647;
			files = (
				6177A2D82390B4790031A7D9 /* MoviesJSON.json in Resources */,
				610A8372238DFE1F00DC1C02 /* CastCrewView.xib in Resources */,
				610A832A238DFD6900DC1C02 /* LaunchScreen.storyboard in Resources */,
				610A8368238DFE1F00DC1C02 /* CastCrewCollectionViewCell.xib in Resources */,
				610A83C4238E06A300DC1C02 /* MovieDetailsJSON.json in Resources */,
				610A8371238DFE1F00DC1C02 /* MovieDetailsView.xib in Resources */,
				610A8363238DFE1F00DC1C02 /* MoviesView.xib in Resources */,
				61424151238DDEA500C93DEC /* Assets.xcassets in Resources */,
				610A835D238DFE1F00DC1C02 /* MovieCollectionViewCell.xib in Resources */,
				610A836A238DFE1F00DC1C02 /* RecommendationCollectionViewCell.xib in Resources */,
				610A8375238DFE1F00DC1C02 /* RecommendationsView.xib in Resources */,
			);
			runOnlyForDeploymentPostprocessing = 0;
		};
		61424158238DDEA500C93DEC /* Resources */ = {
			isa = PBXResourcesBuildPhase;
			buildActionMask = 2147483647;
			files = (
				610A83C2238E05E600DC1C02 /* MovieDetailsJSON.json in Resources */,
				6177A2D92390B47A0031A7D9 /* MoviesJSON.json in Resources */,
			);
			runOnlyForDeploymentPostprocessing = 0;
		};
/* End PBXResourcesBuildPhase section */

/* Begin PBXShellScriptBuildPhase section */
		47FA0AB4C2E4F26DFED275CB /* [CP] Check Pods Manifest.lock */ = {
			isa = PBXShellScriptBuildPhase;
			buildActionMask = 2147483647;
			files = (
			);
			inputFileListPaths = (
			);
			inputPaths = (
				"${PODS_PODFILE_DIR_PATH}/Podfile.lock",
				"${PODS_ROOT}/Manifest.lock",
			);
			name = "[CP] Check Pods Manifest.lock";
			outputFileListPaths = (
			);
			outputPaths = (
				"$(DERIVED_FILE_DIR)/Pods-YouMovie-checkManifestLockResult.txt",
			);
			runOnlyForDeploymentPostprocessing = 0;
			shellPath = /bin/sh;
			shellScript = "diff \"${PODS_PODFILE_DIR_PATH}/Podfile.lock\" \"${PODS_ROOT}/Manifest.lock\" > /dev/null\nif [ $? != 0 ] ; then\n    # print error to STDERR\n    echo \"error: The sandbox is not in sync with the Podfile.lock. Run 'pod install' or update your CocoaPods installation.\" >&2\n    exit 1\nfi\n# This output is used by Xcode 'outputs' to avoid re-running this script phase.\necho \"SUCCESS\" > \"${SCRIPT_OUTPUT_FILE_0}\"\n";
			showEnvVarsInLog = 0;
		};
		489E286009CB22BBF64E1D96 /* [CP] Embed Pods Frameworks */ = {
			isa = PBXShellScriptBuildPhase;
			buildActionMask = 2147483647;
			files = (
			);
			inputFileListPaths = (
				"${PODS_ROOT}/Target Support Files/Pods-YouMovie/Pods-YouMovie-frameworks-${CONFIGURATION}-input-files.xcfilelist",
			);
			name = "[CP] Embed Pods Frameworks";
			outputFileListPaths = (
				"${PODS_ROOT}/Target Support Files/Pods-YouMovie/Pods-YouMovie-frameworks-${CONFIGURATION}-output-files.xcfilelist",
			);
			runOnlyForDeploymentPostprocessing = 0;
			shellPath = /bin/sh;
			shellScript = "\"${PODS_ROOT}/Target Support Files/Pods-YouMovie/Pods-YouMovie-frameworks.sh\"\n";
			showEnvVarsInLog = 0;
		};
		6156BDEB23904113001C6616 /* SwiftLint */ = {
			isa = PBXShellScriptBuildPhase;
			buildActionMask = 2147483647;
			files = (
			);
			inputFileListPaths = (
			);
			inputPaths = (
			);
			name = SwiftLint;
			outputFileListPaths = (
			);
			outputPaths = (
			);
			runOnlyForDeploymentPostprocessing = 0;
			shellPath = /bin/sh;
			shellScript = "if which swiftlint >/dev/null; then\n    swiftlint\nelse\n    echo \"warning: SwiftLint not installed, download from https://github.com/realm/SwiftLint\"\nfi\n";
		};
		BEF2D538408D89009B742D1B /* [CP] Embed Pods Frameworks */ = {
			isa = PBXShellScriptBuildPhase;
			buildActionMask = 2147483647;
			files = (
			);
			inputFileListPaths = (
				"${PODS_ROOT}/Target Support Files/Pods-YouMovieTests/Pods-YouMovieTests-frameworks-${CONFIGURATION}-input-files.xcfilelist",
			);
			name = "[CP] Embed Pods Frameworks";
			outputFileListPaths = (
				"${PODS_ROOT}/Target Support Files/Pods-YouMovieTests/Pods-YouMovieTests-frameworks-${CONFIGURATION}-output-files.xcfilelist",
			);
			runOnlyForDeploymentPostprocessing = 0;
			shellPath = /bin/sh;
			shellScript = "\"${PODS_ROOT}/Target Support Files/Pods-YouMovieTests/Pods-YouMovieTests-frameworks.sh\"\n";
			showEnvVarsInLog = 0;
		};
		E2B18E40BCC563A933E224FC /* [CP] Check Pods Manifest.lock */ = {
			isa = PBXShellScriptBuildPhase;
			buildActionMask = 2147483647;
			files = (
			);
			inputFileListPaths = (
			);
			inputPaths = (
				"${PODS_PODFILE_DIR_PATH}/Podfile.lock",
				"${PODS_ROOT}/Manifest.lock",
			);
			name = "[CP] Check Pods Manifest.lock";
			outputFileListPaths = (
			);
			outputPaths = (
				"$(DERIVED_FILE_DIR)/Pods-YouMovieTests-checkManifestLockResult.txt",
			);
			runOnlyForDeploymentPostprocessing = 0;
			shellPath = /bin/sh;
			shellScript = "diff \"${PODS_PODFILE_DIR_PATH}/Podfile.lock\" \"${PODS_ROOT}/Manifest.lock\" > /dev/null\nif [ $? != 0 ] ; then\n    # print error to STDERR\n    echo \"error: The sandbox is not in sync with the Podfile.lock. Run 'pod install' or update your CocoaPods installation.\" >&2\n    exit 1\nfi\n# This output is used by Xcode 'outputs' to avoid re-running this script phase.\necho \"SUCCESS\" > \"${SCRIPT_OUTPUT_FILE_0}\"\n";
			showEnvVarsInLog = 0;
		};
/* End PBXShellScriptBuildPhase section */

/* Begin PBXSourcesBuildPhase section */
		61424140238DDEA400C93DEC /* Sources */ = {
			isa = PBXSourcesBuildPhase;
			buildActionMask = 2147483647;
			files = (
				610A839E238DFEFA00DC1C02 /* IntExtensions.swift in Sources */,
				610A8365238DFE1F00DC1C02 /* MoviesRequests.swift in Sources */,
				610A836E238DFE1F00DC1C02 /* MovieDetailsPresenter.swift in Sources */,
				610A8397238DFEFA00DC1C02 /* CircularProgressView.swift in Sources */,
				610A8358238DFE1F00DC1C02 /* MovieVideoEntity.swift in Sources */,
				610A839B238DFEFA00DC1C02 /* DoubleExtensions.swift in Sources */,
				610A8399238DFEFA00DC1C02 /* UICollectionViewCellExtensions.swift in Sources */,
				610A8359238DFE1F00DC1C02 /* MovieEntity.swift in Sources */,
				610A83A5238DFEFA00DC1C02 /* Connectivity.swift in Sources */,
				610A835B238DFE1F00DC1C02 /* MovieCrewEntity.swift in Sources */,
				610A83A3238DFEFA00DC1C02 /* UIColorExtensions.swift in Sources */,
				610A839A238DFEFA00DC1C02 /* StringExtensions.swift in Sources */,
				610A8396238DFEFA00DC1C02 /* CardView.swift in Sources */,
				610A835A238DFE1F00DC1C02 /* MovieCastEntity.swift in Sources */,
				610A8374238DFE1F00DC1C02 /* CastCrewView.swift in Sources */,
				610A836B238DFE1F00DC1C02 /* RecommendationCollectionViewCell.swift in Sources */,
				610A835F238DFE1F00DC1C02 /* MoviesProtocols.swift in Sources */,
				61424148238DDEA400C93DEC /* AppDelegate.swift in Sources */,
				610A8369238DFE1F00DC1C02 /* CastCrewCollectionViewCell.swift in Sources */,
				610A83A0238DFEFA00DC1C02 /* UILabelExtensions.swift in Sources */,
				610A8376238DFE1F00DC1C02 /* MovieDetailsMessagesUtil.swift in Sources */,
				610A8370238DFE1F00DC1C02 /* MovieDetailsWireframe.swift in Sources */,
				610A8366238DFE1F00DC1C02 /* MoviesMessagesUtil.swift in Sources */,
				610A8321238DF68A00DC1C02 /* Instantiable.swift in Sources */,
				610A8362238DFE1F00DC1C02 /* MoviesView.swift in Sources */,
				610A839F238DFEFA00DC1C02 /* DateExtensions.swift in Sources */,
				610A839D238DFEFA00DC1C02 /* UIViewExtensions.swift in Sources */,
				610A836C238DFE1F00DC1C02 /* MovieDetailsInteractor.swift in Sources */,
				610A8364238DFE1F00DC1C02 /* MoviesCategoryEntity.swift in Sources */,
				610A83A4238DFEFA00DC1C02 /* MessagesUtil.swift in Sources */,
				610A835C238DFE1F00DC1C02 /* MovieCollectionViewCell.swift in Sources */,
				610A837E238DFEBA00DC1C02 /* APIRoutes.swift in Sources */,
				610A836F238DFE1F00DC1C02 /* MovieDetailsView.swift in Sources */,
				610A8395238DFEFA00DC1C02 /* Feedbackable.swift in Sources */,
				610A8398238DFEFA00DC1C02 /* LoadingCollectionReusableView.swift in Sources */,
				610A836D238DFE1F00DC1C02 /* MovieDetailsProtocols.swift in Sources */,
				610A83A1238DFEFA00DC1C02 /* UIImageViewExtensions.swift in Sources */,
				610A8377238DFE1F00DC1C02 /* MovieDetailsRequests.swift in Sources */,
				610A8378238DFE1F00DC1C02 /* MovieDetailsAPIRoutes.swift in Sources */,
				610A8320238DF68A00DC1C02 /* BaseEntity.swift in Sources */,
				610A8360238DFE1F00DC1C02 /* MoviesWireframe.swift in Sources */,
				610A8373238DFE1F00DC1C02 /* RecommendationsView.swift in Sources */,
				610A831F238DF68A00DC1C02 /* BaseViewController.swift in Sources */,
				610A837C238DFEBA00DC1C02 /* NetworkProvider.swift in Sources */,
				610A8394238DFEFA00DC1C02 /* CircularImageView.swift in Sources */,
				610A839C238DFEFA00DC1C02 /* UICollectionReusableViewExtensions.swift in Sources */,
				610A83A2238DFEFA00DC1C02 /* UIAlertControllerExtensions.swift in Sources */,
				610A8361238DFE1F00DC1C02 /* MoviesInteractor.swift in Sources */,
				610A835E238DFE1F00DC1C02 /* MoviesPresenter.swift in Sources */,
				610A837D238DFEBA00DC1C02 /* RequestError.swift in Sources */,
				610A8367238DFE1F00DC1C02 /* MoviesAPIRoutes.swift in Sources */,
			);
			runOnlyForDeploymentPostprocessing = 0;
		};
		61424156238DDEA500C93DEC /* Sources */ = {
			isa = PBXSourcesBuildPhase;
			buildActionMask = 2147483647;
			files = (
				610A83B9238E05E600DC1C02 /* MoviesInteractorSpec.swift in Sources */,
				610A83C1238E05E600DC1C02 /* MovieDetailsEntitySpec.swift in Sources */,
				610A83C0238E05E600DC1C02 /* MovieDetailsViewSpec.swift in Sources */,
				610A83BC238E05E600DC1C02 /* MoviesMocks.swift in Sources */,
				610A83B8238E05E600DC1C02 /* MoviesViewSpec.swift in Sources */,
				610A83BE238E05E600DC1C02 /* MovieDetailsPresenterSpec.swift in Sources */,
				610A83C3238E05E600DC1C02 /* MovieDetailsMocks.swift in Sources */,
				610A83BD238E05E600DC1C02 /* MovieDetailsWireframeSpec.swift in Sources */,
				610A83BB238E05E600DC1C02 /* MoviesPresenterSpec.swift in Sources */,
				610A83BF238E05E600DC1C02 /* MovieDetailsInteractorSpec.swift in Sources */,
				610A83BA238E05E600DC1C02 /* MoviesWireframeSpec.swift in Sources */,
			);
			runOnlyForDeploymentPostprocessing = 0;
		};
/* End PBXSourcesBuildPhase section */

/* Begin PBXTargetDependency section */
		6142415C238DDEA500C93DEC /* PBXTargetDependency */ = {
			isa = PBXTargetDependency;
			target = 61424143238DDEA400C93DEC /* YouMovie */;
			targetProxy = 6142415B238DDEA500C93DEC /* PBXContainerItemProxy */;
		};
/* End PBXTargetDependency section */

/* Begin XCBuildConfiguration section */
		61424161238DDEA500C93DEC /* Debug */ = {
			isa = XCBuildConfiguration;
			buildSettings = {
				ALWAYS_SEARCH_USER_PATHS = NO;
				CLANG_ANALYZER_NONNULL = YES;
				CLANG_ANALYZER_NUMBER_OBJECT_CONVERSION = YES_AGGRESSIVE;
				CLANG_CXX_LANGUAGE_STANDARD = "gnu++14";
				CLANG_CXX_LIBRARY = "libc++";
				CLANG_ENABLE_MODULES = YES;
				CLANG_ENABLE_OBJC_ARC = YES;
				CLANG_ENABLE_OBJC_WEAK = YES;
				CLANG_WARN_BLOCK_CAPTURE_AUTORELEASING = YES;
				CLANG_WARN_BOOL_CONVERSION = YES;
				CLANG_WARN_COMMA = YES;
				CLANG_WARN_CONSTANT_CONVERSION = YES;
				CLANG_WARN_DEPRECATED_OBJC_IMPLEMENTATIONS = YES;
				CLANG_WARN_DIRECT_OBJC_ISA_USAGE = YES_ERROR;
				CLANG_WARN_DOCUMENTATION_COMMENTS = YES;
				CLANG_WARN_EMPTY_BODY = YES;
				CLANG_WARN_ENUM_CONVERSION = YES;
				CLANG_WARN_INFINITE_RECURSION = YES;
				CLANG_WARN_INT_CONVERSION = YES;
				CLANG_WARN_NON_LITERAL_NULL_CONVERSION = YES;
				CLANG_WARN_OBJC_IMPLICIT_RETAIN_SELF = YES;
				CLANG_WARN_OBJC_LITERAL_CONVERSION = YES;
				CLANG_WARN_OBJC_ROOT_CLASS = YES_ERROR;
				CLANG_WARN_RANGE_LOOP_ANALYSIS = YES;
				CLANG_WARN_STRICT_PROTOTYPES = YES;
				CLANG_WARN_SUSPICIOUS_MOVE = YES;
				CLANG_WARN_UNGUARDED_AVAILABILITY = YES_AGGRESSIVE;
				CLANG_WARN_UNREACHABLE_CODE = YES;
				CLANG_WARN__DUPLICATE_METHOD_MATCH = YES;
				COPY_PHASE_STRIP = NO;
				DEBUG_INFORMATION_FORMAT = dwarf;
				ENABLE_STRICT_OBJC_MSGSEND = YES;
				ENABLE_TESTABILITY = YES;
				GCC_C_LANGUAGE_STANDARD = gnu11;
				GCC_DYNAMIC_NO_PIC = NO;
				GCC_NO_COMMON_BLOCKS = YES;
				GCC_OPTIMIZATION_LEVEL = 0;
				GCC_PREPROCESSOR_DEFINITIONS = (
					"DEBUG=1",
					"$(inherited)",
				);
				GCC_WARN_64_TO_32_BIT_CONVERSION = YES;
				GCC_WARN_ABOUT_RETURN_TYPE = YES_ERROR;
				GCC_WARN_UNDECLARED_SELECTOR = YES;
				GCC_WARN_UNINITIALIZED_AUTOS = YES_AGGRESSIVE;
				GCC_WARN_UNUSED_FUNCTION = YES;
				GCC_WARN_UNUSED_VARIABLE = YES;
				IPHONEOS_DEPLOYMENT_TARGET = 11.0;
				MTL_ENABLE_DEBUG_INFO = INCLUDE_SOURCE;
				MTL_FAST_MATH = YES;
				ONLY_ACTIVE_ARCH = YES;
				SDKROOT = iphoneos;
				SWIFT_ACTIVE_COMPILATION_CONDITIONS = DEBUG;
				SWIFT_OPTIMIZATION_LEVEL = "-Onone";
			};
			name = Debug;
		};
		61424162238DDEA500C93DEC /* Release */ = {
			isa = XCBuildConfiguration;
			buildSettings = {
				ALWAYS_SEARCH_USER_PATHS = NO;
				CLANG_ANALYZER_NONNULL = YES;
				CLANG_ANALYZER_NUMBER_OBJECT_CONVERSION = YES_AGGRESSIVE;
				CLANG_CXX_LANGUAGE_STANDARD = "gnu++14";
				CLANG_CXX_LIBRARY = "libc++";
				CLANG_ENABLE_MODULES = YES;
				CLANG_ENABLE_OBJC_ARC = YES;
				CLANG_ENABLE_OBJC_WEAK = YES;
				CLANG_WARN_BLOCK_CAPTURE_AUTORELEASING = YES;
				CLANG_WARN_BOOL_CONVERSION = YES;
				CLANG_WARN_COMMA = YES;
				CLANG_WARN_CONSTANT_CONVERSION = YES;
				CLANG_WARN_DEPRECATED_OBJC_IMPLEMENTATIONS = YES;
				CLANG_WARN_DIRECT_OBJC_ISA_USAGE = YES_ERROR;
				CLANG_WARN_DOCUMENTATION_COMMENTS = YES;
				CLANG_WARN_EMPTY_BODY = YES;
				CLANG_WARN_ENUM_CONVERSION = YES;
				CLANG_WARN_INFINITE_RECURSION = YES;
				CLANG_WARN_INT_CONVERSION = YES;
				CLANG_WARN_NON_LITERAL_NULL_CONVERSION = YES;
				CLANG_WARN_OBJC_IMPLICIT_RETAIN_SELF = YES;
				CLANG_WARN_OBJC_LITERAL_CONVERSION = YES;
				CLANG_WARN_OBJC_ROOT_CLASS = YES_ERROR;
				CLANG_WARN_RANGE_LOOP_ANALYSIS = YES;
				CLANG_WARN_STRICT_PROTOTYPES = YES;
				CLANG_WARN_SUSPICIOUS_MOVE = YES;
				CLANG_WARN_UNGUARDED_AVAILABILITY = YES_AGGRESSIVE;
				CLANG_WARN_UNREACHABLE_CODE = YES;
				CLANG_WARN__DUPLICATE_METHOD_MATCH = YES;
				COPY_PHASE_STRIP = NO;
				DEBUG_INFORMATION_FORMAT = "dwarf-with-dsym";
				ENABLE_NS_ASSERTIONS = NO;
				ENABLE_STRICT_OBJC_MSGSEND = YES;
				GCC_C_LANGUAGE_STANDARD = gnu11;
				GCC_NO_COMMON_BLOCKS = YES;
				GCC_WARN_64_TO_32_BIT_CONVERSION = YES;
				GCC_WARN_ABOUT_RETURN_TYPE = YES_ERROR;
				GCC_WARN_UNDECLARED_SELECTOR = YES;
				GCC_WARN_UNINITIALIZED_AUTOS = YES_AGGRESSIVE;
				GCC_WARN_UNUSED_FUNCTION = YES;
				GCC_WARN_UNUSED_VARIABLE = YES;
				IPHONEOS_DEPLOYMENT_TARGET = 11.0;
				MTL_ENABLE_DEBUG_INFO = NO;
				MTL_FAST_MATH = YES;
				SDKROOT = iphoneos;
				SWIFT_COMPILATION_MODE = wholemodule;
				SWIFT_OPTIMIZATION_LEVEL = "-O";
				VALIDATE_PRODUCT = YES;
			};
			name = Release;
		};
		61424164238DDEA500C93DEC /* Debug */ = {
			isa = XCBuildConfiguration;
			baseConfigurationReference = 24973B8C3A3EDF34A94E9C1E /* Pods-YouMovie.debug.xcconfig */;
			buildSettings = {
				ASSETCATALOG_COMPILER_APPICON_NAME = AppIcon;
				CODE_SIGN_STYLE = Automatic;
				DEVELOPMENT_TEAM = 4Q582659G6;
				INFOPLIST_FILE = "$(SRCROOT)/YouMovie/Resources/Supporting Files/Info.plist";
				LD_RUNPATH_SEARCH_PATHS = (
					"$(inherited)",
					"@executable_path/Frameworks",
				);
				PRODUCT_BUNDLE_IDENTIFIER = com.michaeldouglas.YouMovie;
				PRODUCT_NAME = "$(TARGET_NAME)";
				SWIFT_VERSION = 5.0;
				TARGETED_DEVICE_FAMILY = 1;
			};
			name = Debug;
		};
		61424165238DDEA500C93DEC /* Release */ = {
			isa = XCBuildConfiguration;
			baseConfigurationReference = BF88926D88F7D1CD4ECB1003 /* Pods-YouMovie.release.xcconfig */;
			buildSettings = {
				ASSETCATALOG_COMPILER_APPICON_NAME = AppIcon;
				CODE_SIGN_STYLE = Automatic;
				DEVELOPMENT_TEAM = 4Q582659G6;
				INFOPLIST_FILE = "$(SRCROOT)/YouMovie/Resources/Supporting Files/Info.plist";
				LD_RUNPATH_SEARCH_PATHS = (
					"$(inherited)",
					"@executable_path/Frameworks",
				);
				PRODUCT_BUNDLE_IDENTIFIER = com.michaeldouglas.YouMovie;
				PRODUCT_NAME = "$(TARGET_NAME)";
				SWIFT_VERSION = 5.0;
				TARGETED_DEVICE_FAMILY = 1;
			};
			name = Release;
		};
		61424167238DDEA500C93DEC /* Debug */ = {
			isa = XCBuildConfiguration;
			baseConfigurationReference = E5636673FFC9AE682D8F94F3 /* Pods-YouMovieTests.debug.xcconfig */;
			buildSettings = {
				ALWAYS_EMBED_SWIFT_STANDARD_LIBRARIES = "$(inherited)";
				BUNDLE_LOADER = "$(TEST_HOST)";
				CODE_SIGN_STYLE = Automatic;
				DEVELOPMENT_TEAM = 4Q582659G6;
				INFOPLIST_FILE = YouMovieTests/Info.plist;
				IPHONEOS_DEPLOYMENT_TARGET = 11.0;
				LD_RUNPATH_SEARCH_PATHS = (
					"$(inherited)",
					"@executable_path/Frameworks",
					"@loader_path/Frameworks",
				);
				PRODUCT_BUNDLE_IDENTIFIER = com.michaeldouglas.YouMovieTests;
				PRODUCT_NAME = "$(TARGET_NAME)";
				SWIFT_VERSION = 5.0;
				TARGETED_DEVICE_FAMILY = 1;
				TEST_HOST = "$(BUILT_PRODUCTS_DIR)/YouMovie.app/YouMovie";
			};
			name = Debug;
		};
		61424168238DDEA500C93DEC /* Release */ = {
			isa = XCBuildConfiguration;
			baseConfigurationReference = 02A42539F52D0AC09F390690 /* Pods-YouMovieTests.release.xcconfig */;
			buildSettings = {
				ALWAYS_EMBED_SWIFT_STANDARD_LIBRARIES = "$(inherited)";
				BUNDLE_LOADER = "$(TEST_HOST)";
				CODE_SIGN_STYLE = Automatic;
				DEVELOPMENT_TEAM = 4Q582659G6;
				INFOPLIST_FILE = YouMovieTests/Info.plist;
				IPHONEOS_DEPLOYMENT_TARGET = 11.0;
				LD_RUNPATH_SEARCH_PATHS = (
					"$(inherited)",
					"@executable_path/Frameworks",
					"@loader_path/Frameworks",
				);
				PRODUCT_BUNDLE_IDENTIFIER = com.michaeldouglas.YouMovieTests;
				PRODUCT_NAME = "$(TARGET_NAME)";
				SWIFT_VERSION = 5.0;
				TARGETED_DEVICE_FAMILY = 1;
				TEST_HOST = "$(BUILT_PRODUCTS_DIR)/YouMovie.app/YouMovie";
			};
			name = Release;
		};
/* End XCBuildConfiguration section */

/* Begin XCConfigurationList section */
		6142413F238DDEA300C93DEC /* Build configuration list for PBXProject "YouMovie" */ = {
			isa = XCConfigurationList;
			buildConfigurations = (
				61424161238DDEA500C93DEC /* Debug */,
				61424162238DDEA500C93DEC /* Release */,
			);
			defaultConfigurationIsVisible = 0;
			defaultConfigurationName = Release;
		};
		61424163238DDEA500C93DEC /* Build configuration list for PBXNativeTarget "YouMovie" */ = {
			isa = XCConfigurationList;
			buildConfigurations = (
				61424164238DDEA500C93DEC /* Debug */,
				61424165238DDEA500C93DEC /* Release */,
			);
			defaultConfigurationIsVisible = 0;
			defaultConfigurationName = Release;
		};
		61424166238DDEA500C93DEC /* Build configuration list for PBXNativeTarget "YouMovieTests" */ = {
			isa = XCConfigurationList;
			buildConfigurations = (
				61424167238DDEA500C93DEC /* Debug */,
				61424168238DDEA500C93DEC /* Release */,
			);
			defaultConfigurationIsVisible = 0;
			defaultConfigurationName = Release;
		};
/* End XCConfigurationList section */
	};
	rootObject = 6142413C238DDEA300C93DEC /* Project object */;
}
